
Microsoft Visual Studio Solution File, Format Version 12.00
# Visual Studio Version 17
VisualStudioVersion = 17.12.35506.116
MinimumVisualStudioVersion = 10.0.40219.1
Project("{FAE04EC0-301F-11D3-BF4B-00C04F79EFBC}") = "01_IdentityAndDataProtectionPractice", "01_IdentityAndDataProtectionPractice\01_IdentityAndDataProtectionPractice.csproj", "{5DC136BA-FE42-463C-A850-072BFF27BB0C}"
EndProject
Project("{FAE04EC0-301F-11D3-BF4B-00C04F79EFBC}") = "02_JwtPractice", "02_JwtPractice\02_JwtPractice.csproj", "{71A7AA79-D8C8-44EC-A316-676BCAF81ADC}"
EndProject
Global
	GlobalSection(SolutionConfigurationPlatforms) = preSolution
		Debug|Any CPU = Debug|Any CPU
		Release|Any CPU = Release|Any CPU
	EndGlobalSection
	GlobalSection(ProjectConfigurationPlatforms) = postSolution
		{5DC136BA-FE42-463C-A850-072BFF27BB0C}.Debug|Any CPU.ActiveCfg = Debug|Any CPU
		{5DC136BA-FE42-463C-A850-072BFF27BB0C}.Debug|Any CPU.Build.0 = Debug|Any CPU
		{5DC136BA-FE42-463C-A850-072BFF27BB0C}.Release|Any CPU.ActiveCfg = Release|Any CPU
		{5DC136BA-FE42-463C-A850-072BFF27BB0C}.Release|Any CPU.Build.0 = Release|Any CPU
		{71A7AA79-D8C8-44EC-A316-676BCAF81ADC}.Debug|Any CPU.ActiveCfg = Debug|Any CPU
		{71A7AA79-D8C8-44EC-A316-676BCAF81ADC}.Debug|Any CPU.Build.0 = Debug|Any CPU
		{71A7AA79-D8C8-44EC-A316-676BCAF81ADC}.Release|Any CPU.ActiveCfg = Release|Any CPU
		{71A7AA79-D8C8-44EC-A316-676BCAF81ADC}.Release|Any CPU.Build.0 = Release|Any CPU
	EndGlobalSection
	GlobalSection(SolutionProperties) = preSolution
		HideSolutionNode = FALSE
	EndGlobalSection
EndGlobal
